
Microsoft Visual Studio Solution File, Format Version 12.00
Project("{FAE04EC0-301F-11D3-BF4B-00C04F79EFBC}") = "Domain", "Domain\Domain.csproj", "{1480D3CD-D52C-4059-9B00-2839928EBE57}"
EndProject
Project("{FAE04EC0-301F-11D3-BF4B-00C04F79EFBC}") = "Application", "Application\Application.csproj", "{4BE4A614-3710-4E62-BF99-6A8571263070}"
EndProject
Project("{FAE04EC0-301F-11D3-BF4B-00C04F79EFBC}") = "Infrastructure", "Infrastructure\Infrastructure.csproj", "{6A96D384-F803-478E-9915-7137828F6492}"
EndProject
Project("{FAE04EC0-301F-11D3-BF4B-00C04F79EFBC}") = "Client", "Client\Client.csproj", "{DD586912-FA4E-49E8-8672-2A799C373370}"
EndProject
Project("{FAE04EC0-301F-11D3-BF4B-00C04F79EFBC}") = "Api", "Api\Api.csproj", "{28E8BF78-B0CA-4E94-A258-DFAC5CCF5DD5}"
EndProject
Project("{FAE04EC0-301F-11D3-BF4B-00C04F79EFBC}") = "Contracts", "Contracts\Contracts.csproj", "{B4C3AAF5-9C7F-43D1-8BE8-AC68B1FA7716}"
EndProject
Global
	GlobalSection(SolutionConfigurationPlatforms) = preSolution
		Debug|Any CPU = Debug|Any CPU
		Release|Any CPU = Release|Any CPU
	EndGlobalSection
	GlobalSection(ProjectConfigurationPlatforms) = postSolution
		{1480D3CD-D52C-4059-9B00-2839928EBE57}.Debug|Any CPU.ActiveCfg = Debug|Any CPU
		{1480D3CD-D52C-4059-9B00-2839928EBE57}.Debug|Any CPU.Build.0 = Debug|Any CPU
		{1480D3CD-D52C-4059-9B00-2839928EBE57}.Release|Any CPU.ActiveCfg = Release|Any CPU
		{1480D3CD-D52C-4059-9B00-2839928EBE57}.Release|Any CPU.Build.0 = Release|Any CPU
		{4BE4A614-3710-4E62-BF99-6A8571263070}.Debug|Any CPU.ActiveCfg = Debug|Any CPU
		{4BE4A614-3710-4E62-BF99-6A8571263070}.Debug|Any CPU.Build.0 = Debug|Any CPU
		{4BE4A614-3710-4E62-BF99-6A8571263070}.Release|Any CPU.ActiveCfg = Release|Any CPU
		{4BE4A614-3710-4E62-BF99-6A8571263070}.Release|Any CPU.Build.0 = Release|Any CPU
		{6A96D384-F803-478E-9915-7137828F6492}.Debug|Any CPU.ActiveCfg = Debug|Any CPU
		{6A96D384-F803-478E-9915-7137828F6492}.Debug|Any CPU.Build.0 = Debug|Any CPU
		{6A96D384-F803-478E-9915-7137828F6492}.Release|Any CPU.ActiveCfg = Release|Any CPU
		{6A96D384-F803-478E-9915-7137828F6492}.Release|Any CPU.Build.0 = Release|Any CPU
		{DD586912-FA4E-49E8-8672-2A799C373370}.Debug|Any CPU.ActiveCfg = Debug|Any CPU
		{DD586912-FA4E-49E8-8672-2A799C373370}.Debug|Any CPU.Build.0 = Debug|Any CPU
		{DD586912-FA4E-49E8-8672-2A799C373370}.Release|Any CPU.ActiveCfg = Release|Any CPU
		{DD586912-FA4E-49E8-8672-2A799C373370}.Release|Any CPU.Build.0 = Release|Any CPU
		{28E8BF78-B0CA-4E94-A258-DFAC5CCF5DD5}.Debug|Any CPU.ActiveCfg = Debug|Any CPU
		{28E8BF78-B0CA-4E94-A258-DFAC5CCF5DD5}.Debug|Any CPU.Build.0 = Debug|Any CPU
		{28E8BF78-B0CA-4E94-A258-DFAC5CCF5DD5}.Release|Any CPU.ActiveCfg = Release|Any CPU
		{28E8BF78-B0CA-4E94-A258-DFAC5CCF5DD5}.Release|Any CPU.Build.0 = Release|Any CPU
		{B4C3AAF5-9C7F-43D1-8BE8-AC68B1FA7716}.Debug|Any CPU.ActiveCfg = Debug|Any CPU
		{B4C3AAF5-9C7F-43D1-8BE8-AC68B1FA7716}.Debug|Any CPU.Build.0 = Debug|Any CPU
		{B4C3AAF5-9C7F-43D1-8BE8-AC68B1FA7716}.Release|Any CPU.ActiveCfg = Release|Any CPU
		{B4C3AAF5-9C7F-43D1-8BE8-AC68B1FA7716}.Release|Any CPU.Build.0 = Release|Any CPU
	EndGlobalSection
EndGlobal
